{
  "name": "egghead.io",
  "version": "1.0.0",
  "lockfileVersion": 1,
  "requires": true,
  "dependencies": {
    "@types/core-js": {
      "version": "2.5.3",
      "resolved": "https://registry.npmjs.org/@types/core-js/-/core-js-2.5.3.tgz",
      "integrity": "sha512-F9RHpjuPSit4dCCRXgi7XcqA01DAjy9QY+v9yICoxXsjXD9cgQpyZyL2eSZnTkBGXGaQnea8waZOZTogLDB+rA==",
      "dev": true
    },
    "typescript": {
      "version": "4.0.2",
      "resolved": "https://registry.npmjs.org/typescript/-/typescript-4.0.2.tgz",
      "integrity": "sha512-e4ERvRV2wb+rRZ/IQeb3jm2VxBsirQLpQhdxplZ2MEzGvDkkMmPglecnNDfSUBivMjP93vRbngYYDQqQ/78bcQ=="
    }
  }
}
